// !$*UTF8*$!
{
	archiveVersion = 1;
	classes = {
	};
	objectVersion = 77;
	objects = {

/* Begin PBXBuildFile section */
		B30B60FB2DFA7AC600DA9E7A /* WeatherView.swift in Sources */ = {isa = PBXBuildFile; fileRef = B30B60FA2DFA7AC600DA9E7A /* WeatherView.swift */; };
		B30B61262DFA83AD00DA9E7A /* WeatherViewModel.swift in Sources */ = {isa = PBXBuildFile; fileRef = B30B61252DFA83AD00DA9E7A /* WeatherViewModel.swift */; };
		B30B61282DFABC3500DA9E7A /* Helpers.swift in Sources */ = {isa = PBXBuildFile; fileRef = B30B61272DFABC3500DA9E7A /* Helpers.swift */; };
		B30B612A2DFABCAA00DA9E7A /* PreferenceView.swift in Sources */ = {isa = PBXBuildFile; fileRef = B30B61292DFABCAA00DA9E7A /* PreferenceView.swift */; };
		B30B612D2DFACC5B00DA9E7A /* Preference.swift in Sources */ = {isa = PBXBuildFile; fileRef = B30B612C2DFACC5B00DA9E7A /* Preference.swift */; };
/* End PBXBuildFile section */

/* Begin PBXContainerItemProxy section */
		B30B61052DFA7AC900DA9E7A /* PBXContainerItemProxy */ = {
			isa = PBXContainerItemProxy;
			containerPortal = B30B60ED2DFA7AC600DA9E7A /* Project object */;
			proxyType = 1;
			remoteGlobalIDString = B30B60F42DFA7AC600DA9E7A;
			remoteInfo = SwiftyWeather;
		};
		B30B610F2DFA7AC900DA9E7A /* PBXContainerItemProxy */ = {
			isa = PBXContainerItemProxy;
			containerPortal = B30B60ED2DFA7AC600DA9E7A /* Project object */;
			proxyType = 1;
			remoteGlobalIDString = B30B60F42DFA7AC600DA9E7A;
			remoteInfo = SwiftyWeather;
		};
/* End PBXContainerItemProxy section */

/* Begin PBXFileReference section */
		B30B60F52DFA7AC600DA9E7A /* SwiftyWeather.app */ = {isa = PBXFileReference; explicitFileType = wrapper.application; includeInIndex = 0; path = SwiftyWeather.app; sourceTree = BUILT_PRODUCTS_DIR; };
		B30B60FA2DFA7AC600DA9E7A /* WeatherView.swift */ = {isa = PBXFileReference; lastKnownFileType = sourcecode.swift; path = WeatherView.swift; sourceTree = "<group>"; };
		B30B61042DFA7AC900DA9E7A /* SwiftyWeatherTests.xctest */ = {isa = PBXFileReference; explicitFileType = wrapper.cfbundle; includeInIndex = 0; path = SwiftyWeatherTests.xctest; sourceTree = BUILT_PRODUCTS_DIR; };
		B30B610E2DFA7AC900DA9E7A /* SwiftyWeatherUITests.xctest */ = {isa = PBXFileReference; explicitFileType = wrapper.cfbundle; includeInIndex = 0; path = SwiftyWeatherUITests.xctest; sourceTree = BUILT_PRODUCTS_DIR; };
		B30B61252DFA83AD00DA9E7A /* WeatherViewModel.swift */ = {isa = PBXFileReference; lastKnownFileType = sourcecode.swift; path = WeatherViewModel.swift; sourceTree = "<group>"; };
		B30B61272DFABC3500DA9E7A /* Helpers.swift */ = {isa = PBXFileReference; lastKnownFileType = sourcecode.swift; path = Helpers.swift; sourceTree = "<group>"; };
		B30B61292DFABCAA00DA9E7A /* PreferenceView.swift */ = {isa = PBXFileReference; lastKnownFileType = sourcecode.swift; path = PreferenceView.swift; sourceTree = "<group>"; };
		B30B612C2DFACC5B00DA9E7A /* Preference.swift */ = {isa = PBXFileReference; lastKnownFileType = sourcecode.swift; path = Preference.swift; sourceTree = "<group>"; };
/* End PBXFileReference section */

/* Begin PBXFileSystemSynchronizedBuildFileExceptionSet section */
		B30B61222DFA7BC600DA9E7A /* Exceptions for "SwiftyWeather" folder in "SwiftyWeather" target */ = {
			isa = PBXFileSystemSynchronizedBuildFileExceptionSet;
			membershipExceptions = (
				Info.plist,
			);
			target = B30B60F42DFA7AC600DA9E7A /* SwiftyWeather */;
		};
/* End PBXFileSystemSynchronizedBuildFileExceptionSet section */

/* Begin PBXFileSystemSynchronizedRootGroup section */
		B30B60F72DFA7AC600DA9E7A /* SwiftyWeather */ = {
			isa = PBXFileSystemSynchronizedRootGroup;
			exceptions = (
				B30B61222DFA7BC600DA9E7A /* Exceptions for "SwiftyWeather" folder in "SwiftyWeather" target */,
			);
			path = SwiftyWeather;
			sourceTree = "<group>";
		};
		B30B61072DFA7AC900DA9E7A /* SwiftyWeatherTests */ = {
			isa = PBXFileSystemSynchronizedRootGroup;
			path = SwiftyWeatherTests;
			sourceTree = "<group>";
		};
		B30B61112DFA7AC900DA9E7A /* SwiftyWeatherUITests */ = {
			isa = PBXFileSystemSynchronizedRootGroup;
			path = SwiftyWeatherUITests;
			sourceTree = "<group>";
		};
/* End PBXFileSystemSynchronizedRootGroup section */

/* Begin PBXFrameworksBuildPhase section */
		B30B60F22DFA7AC600DA9E7A /* Frameworks */ = {
			isa = PBXFrameworksBuildPhase;
			buildActionMask = 2147483647;
			files = (
			);
			runOnlyForDeploymentPostprocessing = 0;
		};
		B30B61012DFA7AC900DA9E7A /* Frameworks */ = {
			isa = PBXFrameworksBuildPhase;
			buildActionMask = 2147483647;
			files = (
			);
			runOnlyForDeploymentPostprocessing = 0;
		};
		B30B610B2DFA7AC900DA9E7A /* Frameworks */ = {
			isa = PBXFrameworksBuildPhase;
			buildActionMask = 2147483647;
			files = (
			);
			runOnlyForDeploymentPostprocessing = 0;
		};
/* End PBXFrameworksBuildPhase section */

/* Begin PBXGroup section */
		B30B60EC2DFA7AC600DA9E7A = {
			isa = PBXGroup;
			children = (
				B30B612B2DFAC74200DA9E7A /* Models */,
				B30B61242DFA839500DA9E7A /* ViewModels */,
				B30B61232DFA837C00DA9E7A /* Views */,
				B30B60F72DFA7AC600DA9E7A /* SwiftyWeather */,
				B30B61072DFA7AC900DA9E7A /* SwiftyWeatherTests */,
				B30B61112DFA7AC900DA9E7A /* SwiftyWeatherUITests */,
				B30B60F62DFA7AC600DA9E7A /* Products */,
			);
			sourceTree = "<group>";
		};
		B30B60F62DFA7AC600DA9E7A /* Products */ = {
			isa = PBXGroup;
			children = (
				B30B60F52DFA7AC600DA9E7A /* SwiftyWeather.app */,
				B30B61042DFA7AC900DA9E7A /* SwiftyWeatherTests.xctest */,
				B30B610E2DFA7AC900DA9E7A /* SwiftyWeatherUITests.xctest */,
			);
			name = Products;
			sourceTree = "<group>";
		};
		B30B61232DFA837C00DA9E7A /* Views */ = {
			isa = PBXGroup;
			children = (
				B30B60FA2DFA7AC600DA9E7A /* WeatherView.swift */,
				B30B61292DFABCAA00DA9E7A /* PreferenceView.swift */,
			);
			path = Views;
			sourceTree = "<group>";
		};
		B30B61242DFA839500DA9E7A /* ViewModels */ = {
			isa = PBXGroup;
			children = (
				B30B61272DFABC3500DA9E7A /* Helpers.swift */,
				B30B61252DFA83AD00DA9E7A /* WeatherViewModel.swift */,
			);
			path = ViewModels;
			sourceTree = "<group>";
		};
		B30B612B2DFAC74200DA9E7A /* Models */ = {
			isa = PBXGroup;
			children = (
				B30B612C2DFACC5B00DA9E7A /* Preference.swift */,
			);
			path = Models;
			sourceTree = "<group>";
		};
/* End PBXGroup section */

/* Begin PBXNativeTarget section */
		B30B60F42DFA7AC600DA9E7A /* SwiftyWeather */ = {
			isa = PBXNativeTarget;
			buildConfigurationList = B30B61182DFA7AC900DA9E7A /* Build configuration list for PBXNativeTarget "SwiftyWeather" */;
			buildPhases = (
				B30B60F12DFA7AC600DA9E7A /* Sources */,
				B30B60F22DFA7AC600DA9E7A /* Frameworks */,
				B30B60F32DFA7AC600DA9E7A /* Resources */,
			);
			buildRules = (
			);
			dependencies = (
			);
			fileSystemSynchronizedGroups = (
				B30B60F72DFA7AC600DA9E7A /* SwiftyWeather */,
			);
			name = SwiftyWeather;
			packageProductDependencies = (
			);
			productName = SwiftyWeather;
			productReference = B30B60F52DFA7AC600DA9E7A /* SwiftyWeather.app */;
			productType = "com.apple.product-type.application";
		};
		B30B61032DFA7AC900DA9E7A /* SwiftyWeatherTests */ = {
			isa = PBXNativeTarget;
			buildConfigurationList = B30B611B2DFA7AC900DA9E7A /* Build configuration list for PBXNativeTarget "SwiftyWeatherTests" */;
			buildPhases = (
				B30B61002DFA7AC900DA9E7A /* Sources */,
				B30B61012DFA7AC900DA9E7A /* Frameworks */,
				B30B61022DFA7AC900DA9E7A /* Resources */,
			);
			buildRules = (
			);
			dependencies = (
				B30B61062DFA7AC900DA9E7A /* PBXTargetDependency */,
			);
			fileSystemSynchronizedGroups = (
				B30B61072DFA7AC900DA9E7A /* SwiftyWeatherTests */,
			);
			name = SwiftyWeatherTests;
			packageProductDependencies = (
			);
			productName = SwiftyWeatherTests;
			productReference = B30B61042DFA7AC900DA9E7A /* SwiftyWeatherTests.xctest */;
			productType = "com.apple.product-type.bundle.unit-test";
		};
		B30B610D2DFA7AC900DA9E7A /* SwiftyWeatherUITests */ = {
			isa = PBXNativeTarget;
			buildConfigurationList = B30B611E2DFA7AC900DA9E7A /* Build configuration list for PBXNativeTarget "SwiftyWeatherUITests" */;
			buildPhases = (
				B30B610A2DFA7AC900DA9E7A /* Sources */,
				B30B610B2DFA7AC900DA9E7A /* Frameworks */,
				B30B610C2DFA7AC900DA9E7A /* Resources */,
			);
			buildRules = (
			);
			dependencies = (
				B30B61102DFA7AC900DA9E7A /* PBXTargetDependency */,
			);
			fileSystemSynchronizedGroups = (
				B30B61112DFA7AC900DA9E7A /* SwiftyWeatherUITests */,
			);
			name = SwiftyWeatherUITests;
			packageProductDependencies = (
			);
			productName = SwiftyWeatherUITests;
			productReference = B30B610E2DFA7AC900DA9E7A /* SwiftyWeatherUITests.xctest */;
			productType = "com.apple.product-type.bundle.ui-testing";
		};
/* End PBXNativeTarget section */

/* Begin PBXProject section */
		B30B60ED2DFA7AC600DA9E7A /* Project object */ = {
			isa = PBXProject;
			attributes = {
				BuildIndependentTargetsInParallel = 1;
				LastSwiftUpdateCheck = 1640;
				LastUpgradeCheck = 1640;
				TargetAttributes = {
					B30B60F42DFA7AC600DA9E7A = {
						CreatedOnToolsVersion = 16.4;
					};
					B30B61032DFA7AC900DA9E7A = {
						CreatedOnToolsVersion = 16.4;
						TestTargetID = B30B60F42DFA7AC600DA9E7A;
					};
					B30B610D2DFA7AC900DA9E7A = {
						CreatedOnToolsVersion = 16.4;
						TestTargetID = B30B60F42DFA7AC600DA9E7A;
					};
				};
			};
			buildConfigurationList = B30B60F02DFA7AC600DA9E7A /* Build configuration list for PBXProject "SwiftyWeather" */;
			developmentRegion = en;
			hasScannedForEncodings = 0;
			knownRegions = (
				en,
				Base,
			);
			mainGroup = B30B60EC2DFA7AC600DA9E7A;
			minimizedProjectReferenceProxies = 1;
			preferredProjectObjectVersion = 77;
			productRefGroup = B30B60F62DFA7AC600DA9E7A /* Products */;
			projectDirPath = "";
			projectRoot = "";
			targets = (
				B30B60F42DFA7AC600DA9E7A /* SwiftyWeather */,
				B30B61032DFA7AC900DA9E7A /* SwiftyWeatherTests */,
				B30B610D2DFA7AC900DA9E7A /* SwiftyWeatherUITests */,
			);
		};
/* End PBXProject section */

/* Begin PBXResourcesBuildPhase section */
		B30B60F32DFA7AC600DA9E7A /* Resources */ = {
			isa = PBXResourcesBuildPhase;
			buildActionMask = 2147483647;
			files = (
			);
			runOnlyForDeploymentPostprocessing = 0;
		};
		B30B61022DFA7AC900DA9E7A /* Resources */ = {
			isa = PBXResourcesBuildPhase;
			buildActionMask = 2147483647;
			files = (
			);
			runOnlyForDeploymentPostprocessing = 0;
		};
		B30B610C2DFA7AC900DA9E7A /* Resources */ = {
			isa = PBXResourcesBuildPhase;
			buildActionMask = 2147483647;
			files = (
			);
			runOnlyForDeploymentPostprocessing = 0;
		};
/* End PBXResourcesBuildPhase section */

/* Begin PBXSourcesBuildPhase section */
		B30B60F12DFA7AC600DA9E7A /* Sources */ = {
			isa = PBXSourcesBuildPhase;
			buildActionMask = 2147483647;
			files = (
				B30B612D2DFACC5B00DA9E7A /* Preference.swift in Sources */,
				B30B60FB2DFA7AC600DA9E7A /* WeatherView.swift in Sources */,
				B30B61262DFA83AD00DA9E7A /* WeatherViewModel.swift in Sources */,
				B30B61282DFABC3500DA9E7A /* Helpers.swift in Sources */,
				B30B612A2DFABCAA00DA9E7A /* PreferenceView.swift in Sources */,
			);
			runOnlyForDeploymentPostprocessing = 0;
		};
		B30B61002DFA7AC900DA9E7A /* Sources */ = {
			isa = PBXSourcesBuildPhase;
			buildActionMask = 2147483647;
			files = (
			);
			runOnlyForDeploymentPostprocessing = 0;
		};
		B30B610A2DFA7AC900DA9E7A /* Sources */ = {
			isa = PBXSourcesBuildPhase;
			buildActionMask = 2147483647;
			files = (
			);
			runOnlyForDeploymentPostprocessing = 0;
		};
/* End PBXSourcesBuildPhase section */

/* Begin PBXTargetDependency section */
		B30B61062DFA7AC900DA9E7A /* PBXTargetDependency */ = {
			isa = PBXTargetDependency;
			target = B30B60F42DFA7AC600DA9E7A /* SwiftyWeather */;
			targetProxy = B30B61052DFA7AC900DA9E7A /* PBXContainerItemProxy */;
		};
		B30B61102DFA7AC900DA9E7A /* PBXTargetDependency */ = {
			isa = PBXTargetDependency;
			target = B30B60F42DFA7AC600DA9E7A /* SwiftyWeather */;
			targetProxy = B30B610F2DFA7AC900DA9E7A /* PBXContainerItemProxy */;
		};
/* End PBXTargetDependency section */

/* Begin XCBuildConfiguration section */
		B30B61162DFA7AC900DA9E7A /* Debug */ = {
			isa = XCBuildConfiguration;
			buildSettings = {
				ALWAYS_SEARCH_USER_PATHS = NO;
				ASSETCATALOG_COMPILER_GENERATE_SWIFT_ASSET_SYMBOL_EXTENSIONS = YES;
				CLANG_ANALYZER_NONNULL = YES;
				CLANG_ANALYZER_NUMBER_OBJECT_CONVERSION = YES_AGGRESSIVE;
				CLANG_CXX_LANGUAGE_STANDARD = "gnu++20";
				CLANG_ENABLE_MODULES = YES;
				CLANG_ENABLE_OBJC_ARC = YES;
				CLANG_ENABLE_OBJC_WEAK = YES;
				CLANG_WARN_BLOCK_CAPTURE_AUTORELEASING = YES;
				CLANG_WARN_BOOL_CONVERSION = YES;
				CLANG_WARN_COMMA = YES;
				CLANG_WARN_CONSTANT_CONVERSION = YES;
				CLANG_WARN_DEPRECATED_OBJC_IMPLEMENTATIONS = YES;
				CLANG_WARN_DIRECT_OBJC_ISA_USAGE = YES_ERROR;
				CLANG_WARN_DOCUMENTATION_COMMENTS = YES;
				CLANG_WARN_EMPTY_BODY = YES;
				CLANG_WARN_ENUM_CONVERSION = YES;
				CLANG_WARN_INFINITE_RECURSION = YES;
				CLANG_WARN_INT_CONVERSION = YES;
				CLANG_WARN_NON_LITERAL_NULL_CONVERSION = YES;
				CLANG_WARN_OBJC_IMPLICIT_RETAIN_SELF = YES;
				CLANG_WARN_OBJC_LITERAL_CONVERSION = YES;
				CLANG_WARN_OBJC_ROOT_CLASS = YES_ERROR;
				CLANG_WARN_QUOTED_INCLUDE_IN_FRAMEWORK_HEADER = YES;
				CLANG_WARN_RANGE_LOOP_ANALYSIS = YES;
				CLANG_WARN_STRICT_PROTOTYPES = YES;
				CLANG_WARN_SUSPICIOUS_MOVE = YES;
				CLANG_WARN_UNGUARDED_AVAILABILITY = YES_AGGRESSIVE;
				CLANG_WARN_UNREACHABLE_CODE = YES;
				CLANG_WARN__DUPLICATE_METHOD_MATCH = YES;
				COPY_PHASE_STRIP = NO;
				DEBUG_INFORMATION_FORMAT = dwarf;
				DEVELOPMENT_TEAM = P8H8N95LKS;
				ENABLE_STRICT_OBJC_MSGSEND = YES;
				ENABLE_TESTABILITY = YES;
				ENABLE_USER_SCRIPT_SANDBOXING = YES;
				GCC_C_LANGUAGE_STANDARD = gnu17;
				GCC_DYNAMIC_NO_PIC = NO;
				GCC_NO_COMMON_BLOCKS = YES;
				GCC_OPTIMIZATION_LEVEL = 0;
				GCC_PREPROCESSOR_DEFINITIONS = (
					"DEBUG=1",
					"$(inherited)",
				);
				GCC_WARN_64_TO_32_BIT_CONVERSION = YES;
				GCC_WARN_ABOUT_RETURN_TYPE = YES_ERROR;
				GCC_WARN_UNDECLARED_SELECTOR = YES;
				GCC_WARN_UNINITIALIZED_AUTOS = YES_AGGRESSIVE;
				GCC_WARN_UNUSED_FUNCTION = YES;
				GCC_WARN_UNUSED_VARIABLE = YES;
				IPHONEOS_DEPLOYMENT_TARGET = 18.5;
				LOCALIZATION_PREFERS_STRING_CATALOGS = YES;
				MTL_ENABLE_DEBUG_INFO = INCLUDE_SOURCE;
				MTL_FAST_MATH = YES;
				ONLY_ACTIVE_ARCH = YES;
				SDKROOT = iphoneos;
				SWIFT_ACTIVE_COMPILATION_CONDITIONS = "DEBUG $(inherited)";
				SWIFT_OPTIMIZATION_LEVEL = "-Onone";
			};
			name = Debug;
		};
		B30B61172DFA7AC900DA9E7A /* Release */ = {
			isa = XCBuildConfiguration;
			buildSettings = {
				ALWAYS_SEARCH_USER_PATHS = NO;
				ASSETCATALOG_COMPILER_GENERATE_SWIFT_ASSET_SYMBOL_EXTENSIONS = YES;
				CLANG_ANALYZER_NONNULL = YES;
				CLANG_ANALYZER_NUMBER_OBJECT_CONVERSION = YES_AGGRESSIVE;
				CLANG_CXX_LANGUAGE_STANDARD = "gnu++20";
				CLANG_ENABLE_MODULES = YES;
				CLANG_ENABLE_OBJC_ARC = YES;
				CLANG_ENABLE_OBJC_WEAK = YES;
				CLANG_WARN_BLOCK_CAPTURE_AUTORELEASING = YES;
				CLANG_WARN_BOOL_CONVERSION = YES;
				CLANG_WARN_COMMA = YES;
				CLANG_WARN_CONSTANT_CONVERSION = YES;
				CLANG_WARN_DEPRECATED_OBJC_IMPLEMENTATIONS = YES;
				CLANG_WARN_DIRECT_OBJC_ISA_USAGE = YES_ERROR;
				CLANG_WARN_DOCUMENTATION_COMMENTS = YES;
				CLANG_WARN_EMPTY_BODY = YES;
				CLANG_WARN_ENUM_CONVERSION = YES;
				CLANG_WARN_INFINITE_RECURSION = YES;
				CLANG_WARN_INT_CONVERSION = YES;
				CLANG_WARN_NON_LITERAL_NULL_CONVERSION = YES;
				CLANG_WARN_OBJC_IMPLICIT_RETAIN_SELF = YES;
				CLANG_WARN_OBJC_LITERAL_CONVERSION = YES;
				CLANG_WARN_OBJC_ROOT_CLASS = YES_ERROR;
				CLANG_WARN_QUOTED_INCLUDE_IN_FRAMEWORK_HEADER = YES;
				CLANG_WARN_RANGE_LOOP_ANALYSIS = YES;
				CLANG_WARN_STRICT_PROTOTYPES = YES;
				CLANG_WARN_SUSPICIOUS_MOVE = YES;
				CLANG_WARN_UNGUARDED_AVAILABILITY = YES_AGGRESSIVE;
				CLANG_WARN_UNREACHABLE_CODE = YES;
				CLANG_WARN__DUPLICATE_METHOD_MATCH = YES;
				COPY_PHASE_STRIP = NO;
				DEBUG_INFORMATION_FORMAT = "dwarf-with-dsym";
				DEVELOPMENT_TEAM = P8H8N95LKS;
				ENABLE_NS_ASSERTIONS = NO;
				ENABLE_STRICT_OBJC_MSGSEND = YES;
				ENABLE_USER_SCRIPT_SANDBOXING = YES;
				GCC_C_LANGUAGE_STANDARD = gnu17;
				GCC_NO_COMMON_BLOCKS = YES;
				GCC_WARN_64_TO_32_BIT_CONVERSION = YES;
				GCC_WARN_ABOUT_RETURN_TYPE = YES_ERROR;
				GCC_WARN_UNDECLARED_SELECTOR = YES;
				GCC_WARN_UNINITIALIZED_AUTOS = YES_AGGRESSIVE;
				GCC_WARN_UNUSED_FUNCTION = YES;
				GCC_WARN_UNUSED_VARIABLE = YES;
				IPHONEOS_DEPLOYMENT_TARGET = 18.5;
				LOCALIZATION_PREFERS_STRING_CATALOGS = YES;
				MTL_ENABLE_DEBUG_INFO = NO;
				MTL_FAST_MATH = YES;
				SDKROOT = iphoneos;
				SWIFT_COMPILATION_MODE = wholemodule;
				VALIDATE_PRODUCT = YES;
			};
			name = Release;
		};
		B30B61192DFA7AC900DA9E7A /* Debug */ = {
			isa = XCBuildConfiguration;
			buildSettings = {
				ASSETCATALOG_COMPILER_APPICON_NAME = AppIcon;
				ASSETCATALOG_COMPILER_GLOBAL_ACCENT_COLOR_NAME = AccentColor;
				CODE_SIGN_STYLE = Automatic;
				CURRENT_PROJECT_VERSION = 1;
				DEVELOPMENT_TEAM = P8H8N95LKS;
				ENABLE_PREVIEWS = YES;
				GENERATE_INFOPLIST_FILE = YES;
				INFOPLIST_FILE = SwiftyWeather/Info.plist;
				INFOPLIST_KEY_UIApplicationSceneManifest_Generation = YES;
				INFOPLIST_KEY_UIApplicationSupportsIndirectInputEvents = YES;
				INFOPLIST_KEY_UISupportedInterfaceOrientations_iPad = "UIInterfaceOrientationPortrait UIInterfaceOrientationPortraitUpsideDown UIInterfaceOrientationLandscapeLeft UIInterfaceOrientationLandscapeRight";
				INFOPLIST_KEY_UISupportedInterfaceOrientations_iPhone = "UIInterfaceOrientationPortrait UIInterfaceOrientationLandscapeLeft UIInterfaceOrientationLandscapeRight";
				LD_RUNPATH_SEARCH_PATHS = (
					"$(inherited)",
					"@executable_path/Frameworks",
				);
				MARKETING_VERSION = 1.0;
				PRODUCT_BUNDLE_IDENTIFIER = com.lifecoachfaq.SwiftyWeather;
				PRODUCT_NAME = "$(TARGET_NAME)";
				SWIFT_EMIT_LOC_STRINGS = YES;
				SWIFT_VERSION = 5.0;
				TARGETED_DEVICE_FAMILY = "1,2";
			};
			name = Debug;
		};
		B30B611A2DFA7AC900DA9E7A /* Release */ = {
			isa = XCBuildConfiguration;
			buildSettings = {
				ASSETCATALOG_COMPILER_APPICON_NAME = AppIcon;
				ASSETCATALOG_COMPILER_GLOBAL_ACCENT_COLOR_NAME = AccentColor;
				CODE_SIGN_STYLE = Automatic;
				CURRENT_PROJECT_VERSION = 1;
				DEVELOPMENT_TEAM = P8H8N95LKS;
				ENABLE_PREVIEWS = YES;
				GENERATE_INFOPLIST_FILE = YES;
				INFOPLIST_FILE = SwiftyWeather/Info.plist;
				INFOPLIST_KEY_UIApplicationSceneManifest_Generation = YES;
				INFOPLIST_KEY_UIApplicationSupportsIndirectInputEvents = YES;
				INFOPLIST_KEY_UISupportedInterfaceOrientations_iPad = "UIInterfaceOrientationPortrait UIInterfaceOrientationPortraitUpsideDown UIInterfaceOrientationLandscapeLeft UIInterfaceOrientationLandscapeRight";
				INFOPLIST_KEY_UISupportedInterfaceOrientations_iPhone = "UIInterfaceOrientationPortrait UIInterfaceOrientationLandscapeLeft UIInterfaceOrientationLandscapeRight";
				LD_RUNPATH_SEARCH_PATHS = (
					"$(inherited)",
					"@executable_path/Frameworks",
				);
				MARKETING_VERSION = 1.0;
				PRODUCT_BUNDLE_IDENTIFIER = com.lifecoachfaq.SwiftyWeather;
				PRODUCT_NAME = "$(TARGET_NAME)";
				SWIFT_EMIT_LOC_STRINGS = YES;
				SWIFT_VERSION = 5.0;
				TARGETED_DEVICE_FAMILY = "1,2";
			};
			name = Release;
		};
		B30B611C2DFA7AC900DA9E7A /* Debug */ = {
			isa = XCBuildConfiguration;
			buildSettings = {
				BUNDLE_LOADER = "$(TEST_HOST)";
				CODE_SIGN_STYLE = Automatic;
				CURRENT_PROJECT_VERSION = 1;
				DEVELOPMENT_TEAM = P8H8N95LKS;
				GENERATE_INFOPLIST_FILE = YES;
				IPHONEOS_DEPLOYMENT_TARGET = 18.5;
				MARKETING_VERSION = 1.0;
				PRODUCT_BUNDLE_IDENTIFIER = com.lifecoachfaq.SwiftyWeatherTests;
				PRODUCT_NAME = "$(TARGET_NAME)";
				SWIFT_EMIT_LOC_STRINGS = NO;
				SWIFT_VERSION = 5.0;
				TARGETED_DEVICE_FAMILY = "1,2";
				TEST_HOST = "$(BUILT_PRODUCTS_DIR)/SwiftyWeather.app/$(BUNDLE_EXECUTABLE_FOLDER_PATH)/SwiftyWeather";
			};
			name = Debug;
		};
		B30B611D2DFA7AC900DA9E7A /* Release */ = {
			isa = XCBuildConfiguration;
			buildSettings = {
				BUNDLE_LOADER = "$(TEST_HOST)";
				CODE_SIGN_STYLE = Automatic;
				CURRENT_PROJECT_VERSION = 1;
				DEVELOPMENT_TEAM = P8H8N95LKS;
				GENERATE_INFOPLIST_FILE = YES;
				IPHONEOS_DEPLOYMENT_TARGET = 18.5;
				MARKETING_VERSION = 1.0;
				PRODUCT_BUNDLE_IDENTIFIER = com.lifecoachfaq.SwiftyWeatherTests;
				PRODUCT_NAME = "$(TARGET_NAME)";
				SWIFT_EMIT_LOC_STRINGS = NO;
				SWIFT_VERSION = 5.0;
				TARGETED_DEVICE_FAMILY = "1,2";
				TEST_HOST = "$(BUILT_PRODUCTS_DIR)/SwiftyWeather.app/$(BUNDLE_EXECUTABLE_FOLDER_PATH)/SwiftyWeather";
			};
			name = Release;
		};
		B30B611F2DFA7AC900DA9E7A /* Debug */ = {
			isa = XCBuildConfiguration;
			buildSettings = {
				CODE_SIGN_STYLE = Automatic;
				CURRENT_PROJECT_VERSION = 1;
				DEVELOPMENT_TEAM = P8H8N95LKS;
				GENERATE_INFOPLIST_FILE = YES;
				MARKETING_VERSION = 1.0;
				PRODUCT_BUNDLE_IDENTIFIER = com.lifecoachfaq.SwiftyWeatherUITests;
				PRODUCT_NAME = "$(TARGET_NAME)";
				SWIFT_EMIT_LOC_STRINGS = NO;
				SWIFT_VERSION = 5.0;
				TARGETED_DEVICE_FAMILY = "1,2";
				TEST_TARGET_NAME = SwiftyWeather;
			};
			name = Debug;
		};
		B30B61202DFA7AC900DA9E7A /* Release */ = {
			isa = XCBuildConfiguration;
			buildSettings = {
				CODE_SIGN_STYLE = Automatic;
				CURRENT_PROJECT_VERSION = 1;
				DEVELOPMENT_TEAM = P8H8N95LKS;
				GENERATE_INFOPLIST_FILE = YES;
				MARKETING_VERSION = 1.0;
				PRODUCT_BUNDLE_IDENTIFIER = com.lifecoachfaq.SwiftyWeatherUITests;
				PRODUCT_NAME = "$(TARGET_NAME)";
				SWIFT_EMIT_LOC_STRINGS = NO;
				SWIFT_VERSION = 5.0;
				TARGETED_DEVICE_FAMILY = "1,2";
				TEST_TARGET_NAME = SwiftyWeather;
			};
			name = Release;
		};
/* End XCBuildConfiguration section */

/* Begin XCConfigurationList section */
		B30B60F02DFA7AC600DA9E7A /* Build configuration list for PBXProject "SwiftyWeather" */ = {
			isa = XCConfigurationList;
			buildConfigurations = (
				B30B61162DFA7AC900DA9E7A /* Debug */,
				B30B61172DFA7AC900DA9E7A /* Release */,
			);
			defaultConfigurationIsVisible = 0;
			defaultConfigurationName = Release;
		};
		B30B61182DFA7AC900DA9E7A /* Build configuration list for PBXNativeTarget "SwiftyWeather" */ = {
			isa = XCConfigurationList;
			buildConfigurations = (
				B30B61192DFA7AC900DA9E7A /* Debug */,
				B30B611A2DFA7AC900DA9E7A /* Release */,
			);
			defaultConfigurationIsVisible = 0;
			defaultConfigurationName = Release;
		};
		B30B611B2DFA7AC900DA9E7A /* Build configuration list for PBXNativeTarget "SwiftyWeatherTests" */ = {
			isa = XCConfigurationList;
			buildConfigurations = (
				B30B611C2DFA7AC900DA9E7A /* Debug */,
				B30B611D2DFA7AC900DA9E7A /* Release */,
			);
			defaultConfigurationIsVisible = 0;
			defaultConfigurationName = Release;
		};
		B30B611E2DFA7AC900DA9E7A /* Build configuration list for PBXNativeTarget "SwiftyWeatherUITests" */ = {
			isa = XCConfigurationList;
			buildConfigurations = (
				B30B611F2DFA7AC900DA9E7A /* Debug */,
				B30B61202DFA7AC900DA9E7A /* Release */,
			);
			defaultConfigurationIsVisible = 0;
			defaultConfigurationName = Release;
		};
/* End XCConfigurationList section */
	};
	rootObject = B30B60ED2DFA7AC600DA9E7A /* Project object */;
}
